{
  "name": "@human-nature-lab/breadboard-core",
  "version": "1.0.3",
  "lockfileVersion": 2,
  "requires": true,
  "packages": {
    "": {
      "name": "@human-nature-lab/breadboard-core",
      "version": "1.0.3",
      "dependencies": {
        "async-mutex": "^0.3.2",
        "goodish": "^0.2.2"
      },
      "devDependencies": {
        "core-js": "^3.21.1",
        "regenerator-runtime": "^0.13.9",
        "typescript": "^4.6.2"
      }
    },
    "node_modules/async-mutex": {
      "version": "0.3.2",
      "resolved": "https://registry.npmjs.org/async-mutex/-/async-mutex-0.3.2.tgz",
      "integrity": "sha512-HuTK7E7MT7jZEh1P9GtRW9+aTWiDWWi9InbZ5hjxrnRa39KS4BW04+xLBhYNS2aXhHUIKZSw3gj4Pn1pj+qGAA==",
      "dependencies": {
        "tslib": "^2.3.1"
      }
    },
    "node_modules/core-js": {
      "version": "3.21.1",
      "resolved": "https://registry.npmjs.org/core-js/-/core-js-3.21.1.tgz",
      "integrity": "sha512-FRq5b/VMrWlrmCzwRrpDYNxyHP9BcAZC+xHJaqTgIE5091ZV1NTmyh0sGOg5XqpnHvR0svdy0sv1gWA1zmhxig==",
      "deprecated": "core-js@<3.23.3 is no longer maintained and not recommended for usage due to the number of issues. Because of the V8 engine whims, feature detection in old core-js versions could cause a slowdown up to 100x even if nothing is polyfilled. Some versions have web compatibility issues. Please, upgrade your dependencies to the actual version of core-js.",
      "dev": true,
      "hasInstallScript": true,
      "funding": {
        "type": "opencollective",
        "url": "https://opencollective.com/core-js"
      }
    },
    "node_modules/goodish": {
      "version": "0.2.2",
      "resolved": "https://registry.npmjs.org/goodish/-/goodish-0.2.2.tgz",
      "integrity": "sha512-lsgJjrdqtUCzhByxJSTA+N7nhSn4H5lFT2FRLR7ajACvWGQDMQANW7ivRcD28AVEHTxaHoLHT1rKWLIkoszRow==",
      "dependencies": {
        "async-mutex": "^0.1.4"
      }
    },
    "node_modules/goodish/node_modules/async-mutex": {
      "version": "0.1.4",
      "resolved": "https://registry.npmjs.org/async-mutex/-/async-mutex-0.1.4.tgz",
      "integrity": "sha512-zVWTmAnxxHaeB2B1te84oecI8zTDJ/8G49aVBblRX6be0oq6pAybNcUSxwfgVOmOjSCvN4aYZAqwtyNI8e1YGw=="
    },
    "node_modules/regenerator-runtime": {
      "version": "0.13.9",
      "resolved": "https://registry.npmjs.org/regenerator-runtime/-/regenerator-runtime-0.13.9.tgz",
      "integrity": "sha512-p3VT+cOEgxFsRRA9X4lkI1E+k2/CtnKtU4gcxyaCUreilL/vqI6CdZ3wxVUx3UOUg+gnUOQQcRI7BmSI656MYA==",
      "dev": true
    },
    "node_modules/tslib": {
      "version": "2.3.1",
      "resolved": "https://registry.npmjs.org/tslib/-/tslib-2.3.1.tgz",
      "integrity": "sha512-77EbyPPpMz+FRFRuAFlWMtmgUWGe9UOG2Z25NqCwiIjRhOf5iKGuzSe5P2w1laq+FkRy4p+PCuVkJSGkzTEKVw=="
    },
    "node_modules/typescript": {
      "version": "4.6.2",
      "resolved": "https://registry.npmjs.org/typescript/-/typescript-4.6.2.tgz",
      "integrity": "sha512-HM/hFigTBHZhLXshn9sN37H085+hQGeJHJ/X7LpBWLID/fbc2acUMfU+lGD98X81sKP+pFa9f0DZmCwB9GnbAg==",
      "dev": true,
      "bin": {
        "tsc": "bin/tsc",
        "tsserver": "bin/tsserver"
      },
      "engines": {
        "node": ">=4.2.0"
      }
    }
  },
  "dependencies": {
    "async-mutex": {
      "version": "0.3.2",
      "resolved": "https://registry.npmjs.org/async-mutex/-/async-mutex-0.3.2.tgz",
      "integrity": "sha512-HuTK7E7MT7jZEh1P9GtRW9+aTWiDWWi9InbZ5hjxrnRa39KS4BW04+xLBhYNS2aXhHUIKZSw3gj4Pn1pj+qGAA==",
      "requires": {
        "tslib": "^2.3.1"
      }
    },
    "core-js": {
      "version": "3.21.1",
      "resolved": "https://registry.npmjs.org/core-js/-/core-js-3.21.1.tgz",
      "integrity": "sha512-FRq5b/VMrWlrmCzwRrpDYNxyHP9BcAZC+xHJaqTgIE5091ZV1NTmyh0sGOg5XqpnHvR0svdy0sv1gWA1zmhxig==",
      "dev": true
    },
    "goodish": {
      "version": "0.2.2",
      "resolved": "https://registry.npmjs.org/goodish/-/goodish-0.2.2.tgz",
      "integrity": "sha512-lsgJjrdqtUCzhByxJSTA+N7nhSn4H5lFT2FRLR7ajACvWGQDMQANW7ivRcD28AVEHTxaHoLHT1rKWLIkoszRow==",
      "requires": {
        "async-mutex": "^0.1.4"
      },
      "dependencies": {
        "async-mutex": {
          "version": "0.1.4",
          "resolved": "https://registry.npmjs.org/async-mutex/-/async-mutex-0.1.4.tgz",
          "integrity": "sha512-zVWTmAnxxHaeB2B1te84oecI8zTDJ/8G49aVBblRX6be0oq6pAybNcUSxwfgVOmOjSCvN4aYZAqwtyNI8e1YGw=="
        }
      }
    },
    "regenerator-runtime": {
      "version": "0.13.9",
      "resolved": "https://registry.npmjs.org/regenerator-runtime/-/regenerator-runtime-0.13.9.tgz",
      "integrity": "sha512-p3VT+cOEgxFsRRA9X4lkI1E+k2/CtnKtU4gcxyaCUreilL/vqI6CdZ3wxVUx3UOUg+gnUOQQcRI7BmSI656MYA==",
      "dev": true
    },
    "tslib": {
      "version": "2.3.1",
      "resolved": "https://registry.npmjs.org/tslib/-/tslib-2.3.1.tgz",
      "integrity": "sha512-77EbyPPpMz+FRFRuAFlWMtmgUWGe9UOG2Z25NqCwiIjRhOf5iKGuzSe5P2w1laq+FkRy4p+PCuVkJSGkzTEKVw=="
    },
    "typescript": {
      "version": "4.6.2",
      "resolved": "https://registry.npmjs.org/typescript/-/typescript-4.6.2.tgz",
      "integrity": "sha512-HM/hFigTBHZhLXshn9sN37H085+hQGeJHJ/X7LpBWLID/fbc2acUMfU+lGD98X81sKP+pFa9f0DZmCwB9GnbAg==",
      "dev": true
    }
  }
}
